
Microsoft Visual Studio Solution File, Format Version 12.00
# Visual Studio 15
VisualStudioVersion = 15.0.26124.0
MinimumVisualStudioVersion = 15.0.26124.0
Project("{FAE04EC0-301F-11D3-BF4B-00C04F79EFBC}") = "Simple.ConsoleApp", "Simple.ConsoleApp\Simple.ConsoleApp.csproj", "{290ED94F-00FD-42F9-88D3-FE2089D13136}"
EndProject
Project("{FAE04EC0-301F-11D3-BF4B-00C04F79EFBC}") = "Simple.Model", "Simple.Model\Simple.Model.csproj", "{E2DD6D0E-0CC1-4FD1-BE36-8DB3259763E7}"
EndProject
Global
	GlobalSection(SolutionConfigurationPlatforms) = preSolution
		Debug|Any CPU = Debug|Any CPU
		Debug|x64 = Debug|x64
		Debug|x86 = Debug|x86
		Release|Any CPU = Release|Any CPU
		Release|x64 = Release|x64
		Release|x86 = Release|x86
	EndGlobalSection
	GlobalSection(SolutionProperties) = preSolution
		HideSolutionNode = FALSE
	EndGlobalSection
	GlobalSection(ProjectConfigurationPlatforms) = postSolution
		{290ED94F-00FD-42F9-88D3-FE2089D13136}.Debug|Any CPU.ActiveCfg = Debug|Any CPU
		{290ED94F-00FD-42F9-88D3-FE2089D13136}.Debug|Any CPU.Build.0 = Debug|Any CPU
		{290ED94F-00FD-42F9-88D3-FE2089D13136}.Debug|x64.ActiveCfg = Debug|Any CPU
		{290ED94F-00FD-42F9-88D3-FE2089D13136}.Debug|x64.Build.0 = Debug|Any CPU
		{290ED94F-00FD-42F9-88D3-FE2089D13136}.Debug|x86.ActiveCfg = Debug|Any CPU
		{290ED94F-00FD-42F9-88D3-FE2089D13136}.Debug|x86.Build.0 = Debug|Any CPU
		{290ED94F-00FD-42F9-88D3-FE2089D13136}.Release|Any CPU.ActiveCfg = Release|Any CPU
		{290ED94F-00FD-42F9-88D3-FE2089D13136}.Release|Any CPU.Build.0 = Release|Any CPU
		{290ED94F-00FD-42F9-88D3-FE2089D13136}.Release|x64.ActiveCfg = Release|Any CPU
		{290ED94F-00FD-42F9-88D3-FE2089D13136}.Release|x64.Build.0 = Release|Any CPU
		{290ED94F-00FD-42F9-88D3-FE2089D13136}.Release|x86.ActiveCfg = Release|Any CPU
		{290ED94F-00FD-42F9-88D3-FE2089D13136}.Release|x86.Build.0 = Release|Any CPU
		{E2DD6D0E-0CC1-4FD1-BE36-8DB3259763E7}.Debug|Any CPU.ActiveCfg = Debug|Any CPU
		{E2DD6D0E-0CC1-4FD1-BE36-8DB3259763E7}.Debug|Any CPU.Build.0 = Debug|Any CPU
		{E2DD6D0E-0CC1-4FD1-BE36-8DB3259763E7}.Debug|x64.ActiveCfg = Debug|Any CPU
		{E2DD6D0E-0CC1-4FD1-BE36-8DB3259763E7}.Debug|x64.Build.0 = Debug|Any CPU
		{E2DD6D0E-0CC1-4FD1-BE36-8DB3259763E7}.Debug|x86.ActiveCfg = Debug|Any CPU
		{E2DD6D0E-0CC1-4FD1-BE36-8DB3259763E7}.Debug|x86.Build.0 = Debug|Any CPU
		{E2DD6D0E-0CC1-4FD1-BE36-8DB3259763E7}.Release|Any CPU.ActiveCfg = Release|Any CPU
		{E2DD6D0E-0CC1-4FD1-BE36-8DB3259763E7}.Release|Any CPU.Build.0 = Release|Any CPU
		{E2DD6D0E-0CC1-4FD1-BE36-8DB3259763E7}.Release|x64.ActiveCfg = Release|Any CPU
		{E2DD6D0E-0CC1-4FD1-BE36-8DB3259763E7}.Release|x64.Build.0 = Release|Any CPU
		{E2DD6D0E-0CC1-4FD1-BE36-8DB3259763E7}.Release|x86.ActiveCfg = Release|Any CPU
		{E2DD6D0E-0CC1-4FD1-BE36-8DB3259763E7}.Release|x86.Build.0 = Release|Any CPU
	EndGlobalSection
EndGlobal
